
Microsoft Visual Studio Solution File, Format Version 12.00
# Visual Studio Version 16
VisualStudioVersion = 25.0.1700.2
MinimumVisualStudioVersion = 10.0.40219.1
Project("{FAE04EC0-301F-11D3-BF4B-00C04F79EFBC}") = "HelloWorld", "HelloWorld.csproj", "{FEA3B456-7858-4E93-865A-6CF692395731}"
EndProject
Global
	GlobalSection(SolutionConfigurationPlatforms) = preSolution
		Debug|Any CPU = Debug|Any CPU
		Release|Any CPU = Release|Any CPU
	EndGlobalSection
	GlobalSection(ProjectConfigurationPlatforms) = postSolution
		{FEA3B456-7858-4E93-865A-6CF692395731}.Debug|Any CPU.ActiveCfg = Debug|Any CPU
		{FEA3B456-7858-4E93-865A-6CF692395731}.Debug|Any CPU.Build.0 = Debug|Any CPU
		{FEA3B456-7858-4E93-865A-6CF692395731}.Release|Any CPU.ActiveCfg = Release|Any CPU
		{FEA3B456-7858-4E93-865A-6CF692395731}.Release|Any CPU.Build.0 = Release|Any CPU
	EndGlobalSection
	GlobalSection(SolutionProperties) = preSolution
		HideSolutionNode = FALSE
	EndGlobalSection
	GlobalSection(ExtensibilityGlobals) = postSolution
		SolutionGuid = {4DC04257-7F56-41F8-AADE-A06BF75CFBA7}
	EndGlobalSection
EndGlobal
